# Generated by conda-lock.
# platform: win-64
# input_hash: c5a84961b168c447283b989fc3e3989ec0bae262ad39959d226d9262638bf246
@EXPLICIT
https://repo.anaconda.com/pkgs/main/win-64/blas-1.0-mkl.conda#29c8be9152b7cbf29578794154d2408f
https://conda.anaconda.org/conda-forge/win-64/ca-certificates-2024.8.30-h56e8100_0.conda#4c4fd67c18619be5aa65dc5b6c72e490
https://repo.anaconda.com/pkgs/main/win-64/icc_rt-2022.1.0-h6049295_2.conda#4ea9e3682a5114c1ee3dc09bac898e8d
https://conda.anaconda.org/conda-forge/win-64/intel-openmp-2025.0.0-h57928b3_1162.conda#48aba6e852da005ba8c8c32ca87f2aee
https://conda.anaconda.org/pytorch/noarch/pytorch-mutex-1.0-cpu.tar.bz2#49565ed726991fd28d08a39885caa88d
https://conda.anaconda.org/conda-forge/noarch/tzdata-2024b-hc8b5060_0.conda#8ac3367aafb1cc0a068483c580af8015
https://conda.anaconda.org/conda-forge/win-64/ucrt-10.0.22621.0-h57928b3_1.conda#6797b005cd0f439c4c5c9ac565783700
https://conda.anaconda.org/conda-forge/win-64/vc14_runtime-14.40.33810-hcc2c482_22.conda#ce23a4b980ee0556a118ed96550ff3f3
https://conda.anaconda.org/conda-forge/win-64/vc-14.3-ha32ba9b_22.conda#311c9ba1dfdd2895a8cb08346ff26259
https://conda.anaconda.org/conda-forge/win-64/vs2015_runtime-14.40.33810-h3bf8584_22.conda#8c6b061d44cafdfc8e8c6eb5f100caf0
https://conda.anaconda.org/conda-forge/win-64/bzip2-1.0.8-h2466b09_7.conda#276e7ffe9ffe39688abc665ef0f45596
https://conda.anaconda.org/conda-forge/win-64/eigen-3.4.0-h91493d7_0.conda#305b3ca7023ac046b9a42a48661f6512
https://repo.anaconda.com/pkgs/main/win-64/graphite2-1.3.14-hd77b12b_1.conda#fbb6cb5925cdb51a6721bf685e9844ad
https://repo.anaconda.com/pkgs/main/win-64/icu-58.2-ha925a31_3.conda#f6654b7569b42712970bedd22781eb70
https://conda.anaconda.org/conda-forge/win-64/jpeg-9e-hcfcfb64_3.conda#824f1e030d224e9e376a4655032fdbc7
https://repo.anaconda.com/pkgs/main/win-64/lerc-3.0-hd77b12b_0.conda#f90216a0e38142a29c2693d4dad13fbe
https://conda.anaconda.org/conda-forge/win-64/libabseil-20240116.2-cxx17_he0c23c2_1.conda#19725e54b7f996e0a5748ec5e9e37ae9
https://repo.anaconda.com/pkgs/main/win-64/libdeflate-1.17-h2bbff1b_1.conda#26d6d525865f56ef2a0b89acd92c0f89
https://conda.anaconda.org/conda-forge/win-64/libffi-3.4.2-h8ffe710_5.tar.bz2#2c96d1b6915b408893f9472569dee135
https://conda.anaconda.org/conda-forge/win-64/libiconv-1.17-hcfcfb64_2.conda#e1eb10b1cca179f2baa3601e4efc8712
https://conda.anaconda.org/conda-forge/win-64/libogg-1.3.5-h2466b09_0.conda#44a4d173e62c5ed6d715f18ae7c46b7a
https://conda.anaconda.org/conda-forge/win-64/libsqlite-3.47.0-h2466b09_1.conda#5b1f36012cc3d09c4eb9f24ad0e2c379
https://conda.anaconda.org/conda-forge/win-64/libuv-1.49.2-h2466b09_0.conda#30ebb43533efcdc8c357ef409bad86b6
https://conda.anaconda.org/conda-forge/win-64/libwebp-base-1.4.0-hcfcfb64_0.conda#abd61d0ab127ec5cd68f62c2969e6f34
https://conda.anaconda.org/conda-forge/win-64/lz4-c-1.9.4-hcfcfb64_0.conda#e34720eb20a33fc3bfb8451dd837ab7a
https://conda.anaconda.org/conda-forge/win-64/openssl-3.3.2-h2466b09_0.conda#1dc86753693df5e3326bb8a85b74c589
https://repo.anaconda.com/pkgs/main/win-64/tbb-2021.8.0-h59b6b97_0.conda#aa60f11c1789a50a20be2e657e31513a
https://repo.anaconda.com/pkgs/main/win-64/xz-5.4.6-h8cc25b3_1.conda#cd89b06b0e59712386f00a41fb2dec32
https://conda.anaconda.org/conda-forge/win-64/yaml-0.2.5-h8ffe710_2.tar.bz2#adbfb9f45d1004a26763652246a33764
https://repo.anaconda.com/pkgs/main/win-64/zlib-1.2.13-h8cc25b3_1.conda#1f7ea85632611b25599e4cddf5b51d7d
https://repo.anaconda.com/pkgs/main/win-64/hdf5-1.12.1-h51c971a_3.conda#30d32d59e0272ff4b6394362fab2d4c5
https://conda.anaconda.org/conda-forge/win-64/krb5-1.20.1-heb0366b_0.conda#a07b05ee8f451ab15698397185efe989
https://repo.anaconda.com/pkgs/main/win-64/libclang13-14.0.6-default_h8e68704_1.conda#3006bba69985afaf32fdfd1d9a9611ab
https://repo.anaconda.com/pkgs/main/win-64/libpng-1.6.39-h8cc25b3_0.conda#60e1e5ca340a495e7e4200e911dd9fd9
https://repo.anaconda.com/pkgs/main/win-64/libprotobuf-4.25.3-hf2fb9eb_0.conda#3e23976d99775f07c60863f3b5dc6956
https://conda.anaconda.org/conda-forge/win-64/libvorbis-1.3.7-h0e60522_0.tar.bz2#e1a22282de0169c93e4ffe6ce6acc212
https://conda.anaconda.org/conda-forge/win-64/mkl-2021.4.0-h0e2418a_729.tar.bz2#42fcb45077a716cb8d967117b8b88f28
https://repo.anaconda.com/pkgs/main/win-64/pcre2-10.42-h0ff8eda_1.conda#c09acf9bd80c5a76f5315108b9a34ad5
https://conda.anaconda.org/conda-forge/win-64/sqlite-3.47.0-h2466b09_1.conda#93084a590e8b7d2b62b7d5b1763d5bde
https://repo.anaconda.com/pkgs/main/win-64/tk-8.6.14-h0416ee5_0.conda#da75707c571825eb2ad0eb806710b16b
https://repo.anaconda.com/pkgs/main/win-64/zstd-1.5.6-h8880b57_0.conda#0ca0f609c72a6ae9a27985be56b6c351
https://conda.anaconda.org/conda-forge/win-64/freetype-2.10.4-h546665d_1.tar.bz2#1215a2e49d23da91c28d97cff8de35ea
https://conda.anaconda.org/conda-forge/win-64/libblas-3.9.0-12_win64_mkl.tar.bz2#96b3e24fd626a2a964c81045da31c7b1
https://repo.anaconda.com/pkgs/main/win-64/libclang-14.0.6-default_hb5a9fac_1.conda#2e5281083839636c10aada727e81836e
https://repo.anaconda.com/pkgs/main/win-64/libglib-2.78.4-ha17d25a_0.conda#7c8854a3df4197545c0ce91e5da7c253
https://repo.anaconda.com/pkgs/main/win-64/libpq-12.20-h70ee33d_0.conda#77e3645fe215d65df7faf8bf76c6bc5d
https://repo.anaconda.com/pkgs/main/win-64/libtiff-4.5.1-hd77b12b_0.conda#9af45ef85ab6fd0d27ed03046ed6f3a5
https://repo.anaconda.com/pkgs/main/win-64/python-3.11.10-h4607a30_0.conda#e068838b1c24968793ebb8fa8d04a4d8
https://conda.anaconda.org/conda-forge/noarch/antlr-python-runtime-4.9.3-pyhd8ed1ab_1.tar.bz2#c88eaec8de9ae1fa161205aa18e7a5b1
https://conda.anaconda.org/conda-forge/noarch/colorama-0.4.6-pyhd8ed1ab_0.tar.bz2#3faab06a954c2a04039983f2c4a50d99
https://conda.anaconda.org/conda-forge/noarch/filelock-3.16.1-pyhd8ed1ab_0.conda#916f8ec5dd4128cd5f207a3c4c07b2c6
https://repo.anaconda.com/pkgs/main/win-64/glib-tools-2.78.4-hd77b12b_0.conda#5897938d384687bfce712ee56b4d7653
https://repo.anaconda.com/pkgs/main/win-64/gstreamer-1.22.3-h1779075_1.conda#83c74d89caea2b15f8c844211bddbe6a
https://repo.anaconda.com/pkgs/main/win-64/lcms2-2.12-h83e58a3_0.conda#4c341c8311bfc575b86707d146df220f
https://conda.anaconda.org/conda-forge/win-64/libcblas-3.9.0-12_win64_mkl.tar.bz2#5103ff857d4086ae01f2df8757f31d0b
https://conda.anaconda.org/conda-forge/win-64/liblapack-3.9.0-12_win64_mkl.tar.bz2#e2971c6292cb0daf16bced80b9aa767a
https://conda.anaconda.org/conda-forge/noarch/mpmath-1.3.0-pyhd8ed1ab_0.conda#dbf6e2d89137da32fa6670f3bffc024e
https://conda.anaconda.org/conda-forge/noarch/networkx-3.4.2-pyhd8ed1ab_1.conda#1d4c088869f206413c59acdd309908b7
https://repo.anaconda.com/pkgs/main/win-64/openjpeg-2.5.2-hae555c5_0.conda#179f8b349c91d25cb0a956b3f390df2d
https://conda.anaconda.org/conda-forge/noarch/packaging-24.1-pyhd8ed1ab_0.conda#cbe1bb1f21567018ce595d9c2be0f0db
https://conda.anaconda.org/conda-forge/win-64/python_abi-3.11-2_cp311.tar.bz2#cb157e2642607f3c79240dfe8d95a738
https://repo.anaconda.com/pkgs/main/win-64/qt-main-5.15.2-h879a1e9_9.conda#5952c47f6b00aec575cc702a34eec7ce
https://conda.anaconda.org/conda-forge/noarch/setuptools-75.3.0-pyhd8ed1ab_0.conda#2ce9825396daf72baabaade36cee16da
https://conda.anaconda.org/conda-forge/noarch/typing_extensions-4.12.2-pyha770c72_0.conda#ebe6952715e1d5eb567eeebf25250fa7
https://conda.anaconda.org/conda-forge/noarch/wheel-0.44.0-pyhd8ed1ab_0.conda#d44e3b085abcaef02983c6305b84b584
https://conda.anaconda.org/conda-forge/noarch/zipp-3.20.2-pyhd8ed1ab_0.conda#4daaed111c05672ae669f7036ee5bba3
https://repo.anaconda.com/pkgs/main/win-64/glib-2.78.4-hd77b12b_0.conda#2088dc6d4341497874fd04d43f4757de
https://repo.anaconda.com/pkgs/main/win-64/gst-plugins-base-1.22.3-hfc3ed34_1.conda#fbd0cbec30dec3e98f9708e7eb8aa233
https://conda.anaconda.org/conda-forge/noarch/importlib_resources-6.4.5-pyhd8ed1ab_0.conda#c808991d29b9838fb4d96ce8267ec9ec
https://conda.anaconda.org/conda-forge/win-64/markupsafe-3.0.2-py311h5082efb_0.conda#84e78e335b0f9292060f1ac6d8ce0e3e
https://conda.anaconda.org/conda-forge/win-64/numpy-1.26.4-py311h0b4df5a_0.conda#7b240edd44fd7a0991aa409b07cee776
https://repo.anaconda.com/pkgs/main/win-64/pillow-10.4.0-py311h827c3e9_0.conda#f2b47c4289b7d0bd0a12528bd6c7619e
https://conda.anaconda.org/conda-forge/noarch/pip-24.3.1-pyh8b19718_0.conda#5dd546fe99b44fda83963d15f84263b7
https://conda.anaconda.org/conda-forge/win-64/pyyaml-6.0.2-py311he736701_1.conda#d0c5f3c595039890be0c9af47d23b9ba
https://conda.anaconda.org/conda-forge/noarch/sympy-1.13.3-pyh04b8f61_4.conda#2a21aa47a06649f3fe2808a1ec680d67
https://conda.anaconda.org/conda-forge/noarch/tqdm-4.67.0-pyhd8ed1ab_0.conda#196a9e6ab4e036ceafa516ea036619b0
https://repo.anaconda.com/pkgs/main/win-64/harfbuzz-4.3.0-hda2c7e1_0.conda#6defa5f8edb023a84b659ca5375cb93d
https://conda.anaconda.org/conda-forge/noarch/jinja2-3.1.4-pyhd8ed1ab_0.conda#7b86ecb7d3557821c649b3c31e3eb9f2
https://conda.anaconda.org/conda-forge/noarch/omegaconf-2.3.0-pyhd8ed1ab_0.conda#23cc056834cab53849b91f78d6ee3ea0
https://conda.anaconda.org/conda-forge/noarch/hydra-core-1.3.2-pyhd8ed1ab_0.conda#297d09ccdcec5b347d44c88f2b61cf03
https://repo.anaconda.com/pkgs/main/win-64/opencv-4.10.0-py311h66e330a_0.conda#0b78d7eb1533cc49d34186d87c734bbe
https://conda.anaconda.org/pytorch/win-64/pytorch-2.3.0-py3.11_cpu_0.tar.bz2#13db3c62a183646aa17d8cec888c20ff
https://repo.anaconda.com/pkgs/main/win-64/torchvision-0.18.1-cpu_py311h9788fc5_0.conda#c81965585f68fbeb56becf14f150e326
# pip antlr4-python3-runtime @ https://files.pythonhosted.org/packages/3e/38/7859ff46355f76f8d19459005ca000b6e7012f2f1ca597746cbcd1fbfe5e/antlr4-python3-runtime-4.9.3.tar.gz#sha256=f224469b4168294902bb1efa80a8bf7855f24c99aef99cbefc1bcd3cce77881b
